
Microsoft Visual Studio Solution File, Format Version 12.00
# Visual Studio 14
VisualStudioVersion = 14.0.25420.1
MinimumVisualStudioVersion = 10.0.40219.1
Project("{D954291E-2A0B-460D-934E-DC6B0785DB48}") = "Legend", "Legend\Legend.shproj", "{5B6D65DE-9206-45EB-839B-B48EE45DFDEC}"
EndProject
Project("{FAE04EC0-301F-11D3-BF4B-00C04F79EFBC}") = "iOS", "iOS\iOS.csproj", "{1EF97181-9069-44DB-9060-C1C9942E82F0}"
EndProject
Project("{FAE04EC0-301F-11D3-BF4B-00C04F79EFBC}") = "Android", "Android\Android.csproj", "{E2536B7E-BD9C-4748-A335-7511804F9603}"
EndProject
Project("{FAE04EC0-301F-11D3-BF4B-00C04F79EFBC}") = "Desktop", "Desktop\Desktop.csproj", "{37FADEB1-8D95-4FFF-B303-B228FD26039F}"
EndProject
Global
	GlobalSection(SharedMSBuildProjectFiles) = preSolution
		Legend\Legend.projitems*{1ef97181-9069-44db-9060-c1c9942e82f0}*SharedItemsImports = 4
		Legend\Legend.projitems*{37fadeb1-8d95-4fff-b303-b228fd26039f}*SharedItemsImports = 4
		Legend\Legend.projitems*{5b6d65de-9206-45eb-839b-b48ee45dfdec}*SharedItemsImports = 13
		Legend\Legend.projitems*{e2536b7e-bd9c-4748-a335-7511804f9603}*SharedItemsImports = 4
	EndGlobalSection
	GlobalSection(SolutionConfigurationPlatforms) = preSolution
		Ad-Hoc|Any CPU = Ad-Hoc|Any CPU
		Ad-Hoc|iPhone = Ad-Hoc|iPhone
		Ad-Hoc|iPhoneSimulator = Ad-Hoc|iPhoneSimulator
		Ad-Hoc|x86 = Ad-Hoc|x86
		AppStore|Any CPU = AppStore|Any CPU
		AppStore|iPhone = AppStore|iPhone
		AppStore|iPhoneSimulator = AppStore|iPhoneSimulator
		AppStore|x86 = AppStore|x86
		Debug|Any CPU = Debug|Any CPU
		Debug|iPhone = Debug|iPhone
		Debug|iPhoneSimulator = Debug|iPhoneSimulator
		Debug|x86 = Debug|x86
		Release|Any CPU = Release|Any CPU
		Release|iPhone = Release|iPhone
		Release|iPhoneSimulator = Release|iPhoneSimulator
		Release|x86 = Release|x86
	EndGlobalSection
	GlobalSection(ProjectConfigurationPlatforms) = postSolution
		{1EF97181-9069-44DB-9060-C1C9942E82F0}.Ad-Hoc|Any CPU.ActiveCfg = Ad-Hoc|iPhoneSimulator
		{1EF97181-9069-44DB-9060-C1C9942E82F0}.Ad-Hoc|iPhone.ActiveCfg = Ad-Hoc|iPhone
		{1EF97181-9069-44DB-9060-C1C9942E82F0}.Ad-Hoc|iPhone.Build.0 = Ad-Hoc|iPhone
		{1EF97181-9069-44DB-9060-C1C9942E82F0}.Ad-Hoc|iPhoneSimulator.ActiveCfg = Ad-Hoc|iPhoneSimulator
		{1EF97181-9069-44DB-9060-C1C9942E82F0}.Ad-Hoc|iPhoneSimulator.Build.0 = Ad-Hoc|iPhoneSimulator
		{1EF97181-9069-44DB-9060-C1C9942E82F0}.Ad-Hoc|x86.ActiveCfg = Ad-Hoc|iPhoneSimulator
		{1EF97181-9069-44DB-9060-C1C9942E82F0}.AppStore|Any CPU.ActiveCfg = AppStore|iPhoneSimulator
		{1EF97181-9069-44DB-9060-C1C9942E82F0}.AppStore|iPhone.ActiveCfg = AppStore|iPhone
		{1EF97181-9069-44DB-9060-C1C9942E82F0}.AppStore|iPhone.Build.0 = AppStore|iPhone
		{1EF97181-9069-44DB-9060-C1C9942E82F0}.AppStore|iPhoneSimulator.ActiveCfg = AppStore|iPhoneSimulator
		{1EF97181-9069-44DB-9060-C1C9942E82F0}.AppStore|iPhoneSimulator.Build.0 = AppStore|iPhoneSimulator
		{1EF97181-9069-44DB-9060-C1C9942E82F0}.AppStore|x86.ActiveCfg = AppStore|iPhoneSimulator
		{1EF97181-9069-44DB-9060-C1C9942E82F0}.Debug|Any CPU.ActiveCfg = Debug|iPhoneSimulator
		{1EF97181-9069-44DB-9060-C1C9942E82F0}.Debug|iPhone.ActiveCfg = Debug|iPhone
		{1EF97181-9069-44DB-9060-C1C9942E82F0}.Debug|iPhone.Build.0 = Debug|iPhone
		{1EF97181-9069-44DB-9060-C1C9942E82F0}.Debug|iPhoneSimulator.ActiveCfg = Debug|iPhoneSimulator
		{1EF97181-9069-44DB-9060-C1C9942E82F0}.Debug|iPhoneSimulator.Build.0 = Debug|iPhoneSimulator
		{1EF97181-9069-44DB-9060-C1C9942E82F0}.Debug|x86.ActiveCfg = Debug|iPhoneSimulator
		{1EF97181-9069-44DB-9060-C1C9942E82F0}.Release|Any CPU.ActiveCfg = Release|iPhoneSimulator
		{1EF97181-9069-44DB-9060-C1C9942E82F0}.Release|iPhone.ActiveCfg = Release|iPhone
		{1EF97181-9069-44DB-9060-C1C9942E82F0}.Release|iPhone.Build.0 = Release|iPhone
		{1EF97181-9069-44DB-9060-C1C9942E82F0}.Release|iPhoneSimulator.ActiveCfg = Release|iPhoneSimulator
		{1EF97181-9069-44DB-9060-C1C9942E82F0}.Release|iPhoneSimulator.Build.0 = Release|iPhoneSimulator
		{1EF97181-9069-44DB-9060-C1C9942E82F0}.Release|x86.ActiveCfg = Release|iPhoneSimulator
		{E2536B7E-BD9C-4748-A335-7511804F9603}.Ad-Hoc|Any CPU.ActiveCfg = Release|Any CPU
		{E2536B7E-BD9C-4748-A335-7511804F9603}.Ad-Hoc|Any CPU.Build.0 = Release|Any CPU
		{E2536B7E-BD9C-4748-A335-7511804F9603}.Ad-Hoc|Any CPU.Deploy.0 = Release|Any CPU
		{E2536B7E-BD9C-4748-A335-7511804F9603}.Ad-Hoc|iPhone.ActiveCfg = Release|Any CPU
		{E2536B7E-BD9C-4748-A335-7511804F9603}.Ad-Hoc|iPhone.Build.0 = Release|Any CPU
		{E2536B7E-BD9C-4748-A335-7511804F9603}.Ad-Hoc|iPhone.Deploy.0 = Release|Any CPU
		{E2536B7E-BD9C-4748-A335-7511804F9603}.Ad-Hoc|iPhoneSimulator.ActiveCfg = Release|Any CPU
		{E2536B7E-BD9C-4748-A335-7511804F9603}.Ad-Hoc|iPhoneSimulator.Build.0 = Release|Any CPU
		{E2536B7E-BD9C-4748-A335-7511804F9603}.Ad-Hoc|iPhoneSimulator.Deploy.0 = Release|Any CPU
		{E2536B7E-BD9C-4748-A335-7511804F9603}.Ad-Hoc|x86.ActiveCfg = Release|Any CPU
		{E2536B7E-BD9C-4748-A335-7511804F9603}.Ad-Hoc|x86.Build.0 = Release|Any CPU
		{E2536B7E-BD9C-4748-A335-7511804F9603}.Ad-Hoc|x86.Deploy.0 = Release|Any CPU
		{E2536B7E-BD9C-4748-A335-7511804F9603}.AppStore|Any CPU.ActiveCfg = Release|Any CPU
		{E2536B7E-BD9C-4748-A335-7511804F9603}.AppStore|Any CPU.Build.0 = Release|Any CPU
		{E2536B7E-BD9C-4748-A335-7511804F9603}.AppStore|Any CPU.Deploy.0 = Release|Any CPU
		{E2536B7E-BD9C-4748-A335-7511804F9603}.AppStore|iPhone.ActiveCfg = Release|Any CPU
		{E2536B7E-BD9C-4748-A335-7511804F9603}.AppStore|iPhone.Build.0 = Release|Any CPU
		{E2536B7E-BD9C-4748-A335-7511804F9603}.AppStore|iPhone.Deploy.0 = Release|Any CPU
		{E2536B7E-BD9C-4748-A335-7511804F9603}.AppStore|iPhoneSimulator.ActiveCfg = Release|Any CPU
		{E2536B7E-BD9C-4748-A335-7511804F9603}.AppStore|iPhoneSimulator.Build.0 = Release|Any CPU
		{E2536B7E-BD9C-4748-A335-7511804F9603}.AppStore|iPhoneSimulator.Deploy.0 = Release|Any CPU
		{E2536B7E-BD9C-4748-A335-7511804F9603}.AppStore|x86.ActiveCfg = Release|Any CPU
		{E2536B7E-BD9C-4748-A335-7511804F9603}.AppStore|x86.Build.0 = Release|Any CPU
		{E2536B7E-BD9C-4748-A335-7511804F9603}.AppStore|x86.Deploy.0 = Release|Any CPU
		{E2536B7E-BD9C-4748-A335-7511804F9603}.Debug|Any CPU.ActiveCfg = Debug|Any CPU
		{E2536B7E-BD9C-4748-A335-7511804F9603}.Debug|Any CPU.Build.0 = Debug|Any CPU
		{E2536B7E-BD9C-4748-A335-7511804F9603}.Debug|Any CPU.Deploy.0 = Debug|Any CPU
		{E2536B7E-BD9C-4748-A335-7511804F9603}.Debug|iPhone.ActiveCfg = Debug|Any CPU
		{E2536B7E-BD9C-4748-A335-7511804F9603}.Debug|iPhone.Build.0 = Debug|Any CPU
		{E2536B7E-BD9C-4748-A335-7511804F9603}.Debug|iPhone.Deploy.0 = Debug|Any CPU
		{E2536B7E-BD9C-4748-A335-7511804F9603}.Debug|iPhoneSimulator.ActiveCfg = Debug|Any CPU
		{E2536B7E-BD9C-4748-A335-7511804F9603}.Debug|iPhoneSimulator.Build.0 = Debug|Any CPU
		{E2536B7E-BD9C-4748-A335-7511804F9603}.Debug|iPhoneSimulator.Deploy.0 = Debug|Any CPU
		{E2536B7E-BD9C-4748-A335-7511804F9603}.Debug|x86.ActiveCfg = Debug|Any CPU
		{E2536B7E-BD9C-4748-A335-7511804F9603}.Debug|x86.Build.0 = Debug|Any CPU
		{E2536B7E-BD9C-4748-A335-7511804F9603}.Debug|x86.Deploy.0 = Debug|Any CPU
		{E2536B7E-BD9C-4748-A335-7511804F9603}.Release|Any CPU.ActiveCfg = Release|Any CPU
		{E2536B7E-BD9C-4748-A335-7511804F9603}.Release|Any CPU.Build.0 = Release|Any CPU
		{E2536B7E-BD9C-4748-A335-7511804F9603}.Release|Any CPU.Deploy.0 = Release|Any CPU
		{E2536B7E-BD9C-4748-A335-7511804F9603}.Release|iPhone.ActiveCfg = Release|Any CPU
		{E2536B7E-BD9C-4748-A335-7511804F9603}.Release|iPhone.Build.0 = Release|Any CPU
		{E2536B7E-BD9C-4748-A335-7511804F9603}.Release|iPhone.Deploy.0 = Release|Any CPU
		{E2536B7E-BD9C-4748-A335-7511804F9603}.Release|iPhoneSimulator.ActiveCfg = Release|Any CPU
		{E2536B7E-BD9C-4748-A335-7511804F9603}.Release|iPhoneSimulator.Build.0 = Release|Any CPU
		{E2536B7E-BD9C-4748-A335-7511804F9603}.Release|iPhoneSimulator.Deploy.0 = Release|Any CPU
		{E2536B7E-BD9C-4748-A335-7511804F9603}.Release|x86.ActiveCfg = Release|Any CPU
		{E2536B7E-BD9C-4748-A335-7511804F9603}.Release|x86.Build.0 = Release|Any CPU
		{E2536B7E-BD9C-4748-A335-7511804F9603}.Release|x86.Deploy.0 = Release|Any CPU
		{37FADEB1-8D95-4FFF-B303-B228FD26039F}.Ad-Hoc|Any CPU.ActiveCfg = Release|x86
		{37FADEB1-8D95-4FFF-B303-B228FD26039F}.Ad-Hoc|Any CPU.Build.0 = Release|x86
		{37FADEB1-8D95-4FFF-B303-B228FD26039F}.Ad-Hoc|iPhone.ActiveCfg = Release|x86
		{37FADEB1-8D95-4FFF-B303-B228FD26039F}.Ad-Hoc|iPhone.Build.0 = Release|x86
		{37FADEB1-8D95-4FFF-B303-B228FD26039F}.Ad-Hoc|iPhoneSimulator.ActiveCfg = Release|x86
		{37FADEB1-8D95-4FFF-B303-B228FD26039F}.Ad-Hoc|iPhoneSimulator.Build.0 = Release|x86
		{37FADEB1-8D95-4FFF-B303-B228FD26039F}.Ad-Hoc|x86.ActiveCfg = Release|x86
		{37FADEB1-8D95-4FFF-B303-B228FD26039F}.Ad-Hoc|x86.Build.0 = Release|x86
		{37FADEB1-8D95-4FFF-B303-B228FD26039F}.AppStore|Any CPU.ActiveCfg = Release|x86
		{37FADEB1-8D95-4FFF-B303-B228FD26039F}.AppStore|Any CPU.Build.0 = Release|x86
		{37FADEB1-8D95-4FFF-B303-B228FD26039F}.AppStore|iPhone.ActiveCfg = Release|x86
		{37FADEB1-8D95-4FFF-B303-B228FD26039F}.AppStore|iPhone.Build.0 = Release|x86
		{37FADEB1-8D95-4FFF-B303-B228FD26039F}.AppStore|iPhoneSimulator.ActiveCfg = Release|x86
		{37FADEB1-8D95-4FFF-B303-B228FD26039F}.AppStore|iPhoneSimulator.Build.0 = Release|x86
		{37FADEB1-8D95-4FFF-B303-B228FD26039F}.AppStore|x86.ActiveCfg = Release|x86
		{37FADEB1-8D95-4FFF-B303-B228FD26039F}.AppStore|x86.Build.0 = Release|x86
		{37FADEB1-8D95-4FFF-B303-B228FD26039F}.Debug|Any CPU.ActiveCfg = Debug|x86
		{37FADEB1-8D95-4FFF-B303-B228FD26039F}.Debug|iPhone.ActiveCfg = Debug|x86
		{37FADEB1-8D95-4FFF-B303-B228FD26039F}.Debug|iPhoneSimulator.ActiveCfg = Debug|x86
		{37FADEB1-8D95-4FFF-B303-B228FD26039F}.Debug|x86.ActiveCfg = Debug|x86
		{37FADEB1-8D95-4FFF-B303-B228FD26039F}.Debug|x86.Build.0 = Debug|x86
		{37FADEB1-8D95-4FFF-B303-B228FD26039F}.Release|Any CPU.ActiveCfg = Release|x86
		{37FADEB1-8D95-4FFF-B303-B228FD26039F}.Release|iPhone.ActiveCfg = Release|x86
		{37FADEB1-8D95-4FFF-B303-B228FD26039F}.Release|iPhoneSimulator.ActiveCfg = Release|x86
		{37FADEB1-8D95-4FFF-B303-B228FD26039F}.Release|x86.ActiveCfg = Release|x86
		{37FADEB1-8D95-4FFF-B303-B228FD26039F}.Release|x86.Build.0 = Release|x86
	EndGlobalSection
	GlobalSection(SolutionProperties) = preSolution
		HideSolutionNode = FALSE
	EndGlobalSection
EndGlobal
